
Microsoft Visual Studio Solution File, Format Version 12.00
# Visual Studio Version 17
VisualStudioVersion = 17.4.33103.184
MinimumVisualStudioVersion = 10.0.40219.1
Project("{FAE04EC0-301F-11D3-BF4B-00C04F79EFBC}") = "ServerlessCakesDetectors.Functions", "ServerlessCakesDetectors.Functions\ServerlessCakesDetectors.Functions.csproj", "{180AEB42-A2F6-4DF5-8FBD-063254C66747}"
EndProject
Global
	GlobalSection(SolutionConfigurationPlatforms) = preSolution
		Debug|Any CPU = Debug|Any CPU
		Release|Any CPU = Release|Any CPU
	EndGlobalSection
	GlobalSection(ProjectConfigurationPlatforms) = postSolution
		{180AEB42-A2F6-4DF5-8FBD-063254C66747}.Debug|Any CPU.ActiveCfg = Debug|Any CPU
		{180AEB42-A2F6-4DF5-8FBD-063254C66747}.Debug|Any CPU.Build.0 = Debug|Any CPU
		{180AEB42-A2F6-4DF5-8FBD-063254C66747}.Release|Any CPU.ActiveCfg = Release|Any CPU
		{180AEB42-A2F6-4DF5-8FBD-063254C66747}.Release|Any CPU.Build.0 = Release|Any CPU
	EndGlobalSection
	GlobalSection(SolutionProperties) = preSolution
		HideSolutionNode = FALSE
	EndGlobalSection
	GlobalSection(ExtensibilityGlobals) = postSolution
		SolutionGuid = {3CEC2E09-E201-4408-B01D-D171A2CBE95A}
	EndGlobalSection
EndGlobal
